lockfileVersion: 5.4

specifiers:
  sveltekit-superforms: ^0.8.0
  zod: ^3.21.4

devDependencies:
  sveltekit-superforms: 0.8.0_zod@3.21.4
  zod: 3.21.4

packages:

  /sveltekit-superforms/0.8.0_zod@3.21.4:
    resolution: {integrity: sha512-xhiVNMbn68xrtmZ3megyC91hD37NhJDGZo8xHvJjIijA9aoU+wkD6qxd+5rynQCjO3AQXQd1XO2E1jF6QFh7Zw==}
    peerDependencies:
      '@sveltejs/kit': 1.x
      svelte: 3.x
      zod: 3.x
    dependencies:
      zod: 3.21.4
    dev: true

  /zod/3.21.4:
    resolution: {integrity: sha512-m46AKbrzKVzOzs/DZgVnG5H55N1sv1M8qZU3A8RIKbs3mrACDNeIOeilDymVb2HdmP8uwshOCF4uJ8uM9rCqJw==}
    dev: true
